
Microsoft Visual Studio Solution File, Format Version 12.00
# Visual Studio Version 17
VisualStudioVersion = 17.8.34525.116
MinimumVisualStudioVersion = 10.0.40219.1
Project("{FAE04EC0-301F-11D3-BF4B-00C04F79EFBC}") = "CapaPresentacion", "Consultorio\CapaPresentacion.csproj", "{79FD2CD8-B414-46E7-BD4D-B45AE71CD854}"
EndProject
Project("{FAE04EC0-301F-11D3-BF4B-00C04F79EFBC}") = "CapaDatos", "CapaDatos\CapaDatos.csproj", "{AE203BBC-5115-4EC6-AEA4-D94EDECFC853}"
EndProject
Project("{FAE04EC0-301F-11D3-BF4B-00C04F79EFBC}") = "CapaNegocio", "CapaNegocio\CapaNegocio.csproj", "{2B758AC8-ED84-4E81-B428-2381B38B05E9}"
EndProject
Global
	GlobalSection(SolutionConfigurationPlatforms) = preSolution
		Debug|Any CPU = Debug|Any CPU
		Release|Any CPU = Release|Any CPU
	EndGlobalSection
	GlobalSection(ProjectConfigurationPlatforms) = postSolution
		{79FD2CD8-B414-46E7-BD4D-B45AE71CD854}.Debug|Any CPU.ActiveCfg = Debug|Any CPU
		{79FD2CD8-B414-46E7-BD4D-B45AE71CD854}.Debug|Any CPU.Build.0 = Debug|Any CPU
		{79FD2CD8-B414-46E7-BD4D-B45AE71CD854}.Release|Any CPU.ActiveCfg = Release|Any CPU
		{79FD2CD8-B414-46E7-BD4D-B45AE71CD854}.Release|Any CPU.Build.0 = Release|Any CPU
		{AE203BBC-5115-4EC6-AEA4-D94EDECFC853}.Debug|Any CPU.ActiveCfg = Debug|Any CPU
		{AE203BBC-5115-4EC6-AEA4-D94EDECFC853}.Debug|Any CPU.Build.0 = Debug|Any CPU
		{AE203BBC-5115-4EC6-AEA4-D94EDECFC853}.Release|Any CPU.ActiveCfg = Release|Any CPU
		{AE203BBC-5115-4EC6-AEA4-D94EDECFC853}.Release|Any CPU.Build.0 = Release|Any CPU
		{2B758AC8-ED84-4E81-B428-2381B38B05E9}.Debug|Any CPU.ActiveCfg = Debug|Any CPU
		{2B758AC8-ED84-4E81-B428-2381B38B05E9}.Debug|Any CPU.Build.0 = Debug|Any CPU
		{2B758AC8-ED84-4E81-B428-2381B38B05E9}.Release|Any CPU.ActiveCfg = Release|Any CPU
		{2B758AC8-ED84-4E81-B428-2381B38B05E9}.Release|Any CPU.Build.0 = Release|Any CPU
	EndGlobalSection
	GlobalSection(SolutionProperties) = preSolution
		HideSolutionNode = FALSE
	EndGlobalSection
	GlobalSection(ExtensibilityGlobals) = postSolution
		SolutionGuid = {BA28B2BA-1713-4E7F-AF03-0A94DD99DFCC}
	EndGlobalSection
EndGlobal
